
Microsoft Visual Studio Solution File, Format Version 12.00
# Visual Studio Version 16
VisualStudioVersion = 16.0.30709.132
MinimumVisualStudioVersion = 10.0.40219.1
Project("{FAE04EC0-301F-11D3-BF4B-00C04F79EFBC}") = "AdventOfCode2020", "AdventOfCode2020\AdventOfCode2020.csproj", "{4CF9F94F-BA23-47DD-89DE-F1064EA30D17}"
EndProject
Project("{FAE04EC0-301F-11D3-BF4B-00C04F79EFBC}") = "AdventOfCode2020.Tests", "AdventOfCode2020.Tests\AdventOfCode2020.Tests.csproj", "{1DBDD990-1E77-4DFF-BF24-AC78678B9B8F}"
EndProject
Global
	GlobalSection(SolutionConfigurationPlatforms) = preSolution
		Debug|Any CPU = Debug|Any CPU
		Release|Any CPU = Release|Any CPU
	EndGlobalSection
	GlobalSection(ProjectConfigurationPlatforms) = postSolution
		{4CF9F94F-BA23-47DD-89DE-F1064EA30D17}.Debug|Any CPU.ActiveCfg = Debug|Any CPU
		{4CF9F94F-BA23-47DD-89DE-F1064EA30D17}.Debug|Any CPU.Build.0 = Debug|Any CPU
		{4CF9F94F-BA23-47DD-89DE-F1064EA30D17}.Release|Any CPU.ActiveCfg = Release|Any CPU
		{4CF9F94F-BA23-47DD-89DE-F1064EA30D17}.Release|Any CPU.Build.0 = Release|Any CPU
		{1DBDD990-1E77-4DFF-BF24-AC78678B9B8F}.Debug|Any CPU.ActiveCfg = Debug|Any CPU
		{1DBDD990-1E77-4DFF-BF24-AC78678B9B8F}.Debug|Any CPU.Build.0 = Debug|Any CPU
		{1DBDD990-1E77-4DFF-BF24-AC78678B9B8F}.Release|Any CPU.ActiveCfg = Release|Any CPU
		{1DBDD990-1E77-4DFF-BF24-AC78678B9B8F}.Release|Any CPU.Build.0 = Release|Any CPU
	EndGlobalSection
	GlobalSection(SolutionProperties) = preSolution
		HideSolutionNode = FALSE
	EndGlobalSection
	GlobalSection(ExtensibilityGlobals) = postSolution
		SolutionGuid = {1AD0CE3B-5BB5-4D7D-A416-1EAA4AE29A31}
	EndGlobalSection
EndGlobal
